
Microsoft Visual Studio Solution File, Format Version 12.00
# Visual Studio Version 17
VisualStudioVersion = 17.3.32825.248
MinimumVisualStudioVersion = 10.0.40219.1
Project("{FAE04EC0-301F-11D3-BF4B-00C04F79EFBC}") = "Task1", "Task1\Task1.csproj", "{0B2619BA-A5E6-4890-9ACE-D253E373BB2D}"
EndProject
Project("{FAE04EC0-301F-11D3-BF4B-00C04F79EFBC}") = "Task2", "Task2\Task2.csproj", "{295B0B01-5150-433E-9B9F-1B882447B841}"
EndProject
Project("{FAE04EC0-301F-11D3-BF4B-00C04F79EFBC}") = "Task3", "Task3\Task3.csproj", "{2832C8EC-2812-446C-BDB5-29652C4C5A28}"
EndProject
Global
	GlobalSection(SolutionConfigurationPlatforms) = preSolution
		Debug|Any CPU = Debug|Any CPU
		Release|Any CPU = Release|Any CPU
	EndGlobalSection
	GlobalSection(ProjectConfigurationPlatforms) = postSolution
		{0B2619BA-A5E6-4890-9ACE-D253E373BB2D}.Debug|Any CPU.ActiveCfg = Debug|Any CPU
		{0B2619BA-A5E6-4890-9ACE-D253E373BB2D}.Debug|Any CPU.Build.0 = Debug|Any CPU
		{0B2619BA-A5E6-4890-9ACE-D253E373BB2D}.Release|Any CPU.ActiveCfg = Release|Any CPU
		{0B2619BA-A5E6-4890-9ACE-D253E373BB2D}.Release|Any CPU.Build.0 = Release|Any CPU
		{295B0B01-5150-433E-9B9F-1B882447B841}.Debug|Any CPU.ActiveCfg = Debug|Any CPU
		{295B0B01-5150-433E-9B9F-1B882447B841}.Debug|Any CPU.Build.0 = Debug|Any CPU
		{295B0B01-5150-433E-9B9F-1B882447B841}.Release|Any CPU.ActiveCfg = Release|Any CPU
		{295B0B01-5150-433E-9B9F-1B882447B841}.Release|Any CPU.Build.0 = Release|Any CPU
		{2832C8EC-2812-446C-BDB5-29652C4C5A28}.Debug|Any CPU.ActiveCfg = Debug|Any CPU
		{2832C8EC-2812-446C-BDB5-29652C4C5A28}.Debug|Any CPU.Build.0 = Debug|Any CPU
		{2832C8EC-2812-446C-BDB5-29652C4C5A28}.Release|Any CPU.ActiveCfg = Release|Any CPU
		{2832C8EC-2812-446C-BDB5-29652C4C5A28}.Release|Any CPU.Build.0 = Release|Any CPU
	EndGlobalSection
	GlobalSection(SolutionProperties) = preSolution
		HideSolutionNode = FALSE
	EndGlobalSection
	GlobalSection(ExtensibilityGlobals) = postSolution
		SolutionGuid = {798B20AA-716A-4771-A2A3-6BEC9039588E}
	EndGlobalSection
EndGlobal
